{
  "object": {
    "pins": [
      {
        "package": "Popovers",
        "repositoryURL": "https://github.com/aheze/Popovers",
        "state": {
          "branch": "main",
          "revision": "62c05513f0649552236f72e8877555ffd822bce2",
          "version": null
        }
      }
    ]
  },
  "version": 1
}
