{
  "object": {
    "pins": [
      {
        "package": "Popovers",
        "repositoryURL": "https://github.com/aheze/Popovers",
        "state": {
          "branch": "main",
          "revision": "4a47161763dfd4731d294799a31f05d347488fc8",
          "version": null
        }
      }
    ]
  },
  "version": 1
}
