{
  "object": {
    "pins": [
      {
        "package": "Popovers",
        "repositoryURL": "https://github.com/aheze/Popovers",
        "state": {
          "branch": "main",
          "revision": "1d31c39e10594ae3099e84d49c0debb6349c5703",
          "version": null
        }
      }
    ]
  },
  "version": 1
}
