{
  "object": {
    "pins": [
      {
        "package": "Popovers",
        "repositoryURL": "https://github.com/aheze/Popovers",
        "state": {
          "branch": null,
          "revision": "927afee79e239ea1014087b3e5ea902f47c99143",
          "version": "1.2.0"
        }
      }
    ]
  },
  "version": 1
}
