{
  "object": {
    "pins": [
      {
        "package": "Popovers",
        "repositoryURL": "https://github.com/aheze/Popovers",
        "state": {
          "branch": null,
          "revision": "2d21fde3156c70e9f9479c12aaf44dc268438814",
          "version": "1.1.0"
        }
      }
    ]
  },
  "version": 1
}
