{
  "object": {
    "pins": [
      {
        "package": "Popovers",
        "repositoryURL": "https://github.com/aheze/Popovers",
        "state": {
          "branch": "main",
          "revision": "2e61e78fd5d85a3c76d7b3d917940a03deed4dec",
          "version": null
        }
      }
    ]
  },
  "version": 1
}
