{
  "object": {
    "pins": [
      {
        "package": "Popovers",
        "repositoryURL": "https://github.com/aheze/Popovers",
        "state": {
          "branch": "main",
          "revision": "44439079ba7a5d6bb24222dc5f609418a3e2ebfe",
          "version": null
        }
      }
    ]
  },
  "version": 1
}
