{
  "object": {
    "pins": [
      {
        "package": "Popovers",
        "repositoryURL": "https://github.com/aheze/Popovers",
        "state": {
          "branch": "main",
          "revision": "1933db608131617d0ca3bb8c3e4c43647ed7c860",
          "version": null
        }
      }
    ]
  },
  "version": 1
}
