{
  "object": {
    "pins": [
      {
        "package": "Popovers",
        "repositoryURL": "https://github.com/aheze/Popovers",
        "state": {
          "branch": null,
          "revision": "4e85f8dfaa3238bb07e6de65fa0318d1f10bdf95",
          "version": "0.0.1"
        }
      }
    ]
  },
  "version": 1
}
