{
  "object": {
    "pins": [
      {
        "package": "Popovers",
        "repositoryURL": "https://github.com/aheze/Popovers",
        "state": {
          "branch": "main",
          "revision": "20936ae55297fcf8d799a2b3c937af6b41cdda3f",
          "version": null
        }
      }
    ]
  },
  "version": 1
}
