// !$*UTF8*$!
{
	archiveVersion = 1;
	classes = {
	};
	objectVersion = 55;
	objects = {

/* Begin PBXBuildFile section */
		3CA56EC02774376F00003DF9 /* PopoversApp.swift in Sources */ = {isa = PBXBuildFile; fileRef = 3CA56EBF2774376F00003DF9 /* PopoversApp.swift */; };
		3CA56EC42774377100003DF9 /* Assets.xcassets in Resources */ = {isa = PBXBuildFile; fileRef = 3CA56EC32774377100003DF9 /* Assets.xcassets */; };
		3CA56EE92774379F00003DF9 /* Utilities.swift in Sources */ = {isa = PBXBuildFile; fileRef = 3CA56ECD2774379F00003DF9 /* Utilities.swift */; };
		3CA56EEA2774379F00003DF9 /* CustomizedView.swift in Sources */ = {isa = PBXBuildFile; fileRef = 3CA56ECF2774379F00003DF9 /* CustomizedView.swift */; };
		3CA56EEB2774379F00003DF9 /* NestedView.swift in Sources */ = {isa = PBXBuildFile; fileRef = 3CA56ED02774379F00003DF9 /* NestedView.swift */; };
		3CA56EEC2774379F00003DF9 /* SelectionView.swift in Sources */ = {isa = PBXBuildFile; fileRef = 3CA56ED12774379F00003DF9 /* SelectionView.swift */; };
		3CA56EED2774379F00003DF9 /* BasicView.swift in Sources */ = {isa = PBXBuildFile; fileRef = 3CA56ED22774379F00003DF9 /* BasicView.swift */; };
		3CA56EEE2774379F00003DF9 /* BackgroundView.swift in Sources */ = {isa = PBXBuildFile; fileRef = 3CA56ED32774379F00003DF9 /* BackgroundView.swift */; };
		3CA56EEF2774379F00003DF9 /* RelativePositioningView.swift in Sources */ = {isa = PBXBuildFile; fileRef = 3CA56ED42774379F00003DF9 /* RelativePositioningView.swift */; };
		3CA56EF02774379F00003DF9 /* PopoverReaderView.swift in Sources */ = {isa = PBXBuildFile; fileRef = 3CA56ED52774379F00003DF9 /* PopoverReaderView.swift */; };
		3CA56EF12774379F00003DF9 /* DismissalView2.swift in Sources */ = {isa = PBXBuildFile; fileRef = 3CA56ED62774379F00003DF9 /* DismissalView2.swift */; };
		3CA56EF22774379F00003DF9 /* AbsolutePositioningView.swift in Sources */ = {isa = PBXBuildFile; fileRef = 3CA56ED72774379F00003DF9 /* AbsolutePositioningView.swift */; };
		3CA56EF32774379F00003DF9 /* LifecycleView.swift in Sources */ = {isa = PBXBuildFile; fileRef = 3CA56ED82774379F00003DF9 /* LifecycleView.swift */; };
		3CA56EF42774379F00003DF9 /* DismissalView1.swift in Sources */ = {isa = PBXBuildFile; fileRef = 3CA56ED92774379F00003DF9 /* DismissalView1.swift */; };
		3CA56EF52774379F00003DF9 /* FrameTaggedView.swift in Sources */ = {isa = PBXBuildFile; fileRef = 3CA56EDA2774379F00003DF9 /* FrameTaggedView.swift */; };
		3CA56EF82774379F00003DF9 /* ShowroomSection.swift in Sources */ = {isa = PBXBuildFile; fileRef = 3CA56EDE2774379F00003DF9 /* ShowroomSection.swift */; };
		3CA56EF92774379F00003DF9 /* TipView.swift in Sources */ = {isa = PBXBuildFile; fileRef = 3CA56EE02774379F00003DF9 /* TipView.swift */; };
		3CA56EFA2774379F00003DF9 /* VideoView.swift in Sources */ = {isa = PBXBuildFile; fileRef = 3CA56EE12774379F00003DF9 /* VideoView.swift */; };
		3CA56EFB2774379F00003DF9 /* ColorView.swift in Sources */ = {isa = PBXBuildFile; fileRef = 3CA56EE22774379F00003DF9 /* ColorView.swift */; };
		3CA56EFC2774379F00003DF9 /* NotificationView.swift in Sources */ = {isa = PBXBuildFile; fileRef = 3CA56EE32774379F00003DF9 /* NotificationView.swift */; };
		3CA56EFD2774379F00003DF9 /* AlertView.swift in Sources */ = {isa = PBXBuildFile; fileRef = 3CA56EE42774379F00003DF9 /* AlertView.swift */; };
		3CA56EFE2774379F00003DF9 /* StandardView.swift in Sources */ = {isa = PBXBuildFile; fileRef = 3CA56EE52774379F00003DF9 /* StandardView.swift */; };
		3CA56EFF2774379F00003DF9 /* TutorialView.swift in Sources */ = {isa = PBXBuildFile; fileRef = 3CA56EE62774379F00003DF9 /* TutorialView.swift */; };
		3CA56F002774379F00003DF9 /* MenuView.swift in Sources */ = {isa = PBXBuildFile; fileRef = 3CA56EE72774379F00003DF9 /* MenuView.swift */; };
		3CA56F012774379F00003DF9 /* PlaygroundSection.swift in Sources */ = {isa = PBXBuildFile; fileRef = 3CA56EE82774379F00003DF9 /* PlaygroundSection.swift */; };
		3CA56F03277437DA00003DF9 /* ContentView.swift in Sources */ = {isa = PBXBuildFile; fileRef = 3CA56F02277437DA00003DF9 /* ContentView.swift */; };
		3CBDE72E277438F80012C9B5 /* Popovers in Frameworks */ = {isa = PBXBuildFile; productRef = 3CBDE72D277438F80012C9B5 /* Popovers */; };
		3CBDE73027743BD60012C9B5 /* UIKitSection.swift in Sources */ = {isa = PBXBuildFile; fileRef = 3CBDE72F27743BD60012C9B5 /* UIKitSection.swift */; };
		3CBDE73327743DA20012C9B5 /* PresentView.swift in Sources */ = {isa = PBXBuildFile; fileRef = 3CBDE73227743DA20012C9B5 /* PresentView.swift */; };
		3CBDE73527743E640012C9B5 /* ReplaceView.swift in Sources */ = {isa = PBXBuildFile; fileRef = 3CBDE73427743E640012C9B5 /* ReplaceView.swift */; };
		3CBDE73727743E6F0012C9B5 /* DismissView.swift in Sources */ = {isa = PBXBuildFile; fileRef = 3CBDE73627743E6F0012C9B5 /* DismissView.swift */; };
/* End PBXBuildFile section */

/* Begin PBXFileReference section */
		3CA56EBC2774376F00003DF9 /* PopoversApp.app */ = {isa = PBXFileReference; explicitFileType = wrapper.application; includeInIndex = 0; path = PopoversApp.app; sourceTree = BUILT_PRODUCTS_DIR; };
		3CA56EBF2774376F00003DF9 /* PopoversApp.swift */ = {isa = PBXFileReference; lastKnownFileType = sourcecode.swift; path = PopoversApp.swift; sourceTree = "<group>"; };
		3CA56EC32774377100003DF9 /* Assets.xcassets */ = {isa = PBXFileReference; lastKnownFileType = folder.assetcatalog; path = Assets.xcassets; sourceTree = "<group>"; };
		3CA56ECD2774379F00003DF9 /* Utilities.swift */ = {isa = PBXFileReference; fileEncoding = 4; lastKnownFileType = sourcecode.swift; path = Utilities.swift; sourceTree = "<group>"; };
		3CA56ECF2774379F00003DF9 /* CustomizedView.swift */ = {isa = PBXFileReference; fileEncoding = 4; lastKnownFileType = sourcecode.swift; path = CustomizedView.swift; sourceTree = "<group>"; };
		3CA56ED02774379F00003DF9 /* NestedView.swift */ = {isa = PBXFileReference; fileEncoding = 4; lastKnownFileType = sourcecode.swift; path = NestedView.swift; sourceTree = "<group>"; };
		3CA56ED12774379F00003DF9 /* SelectionView.swift */ = {isa = PBXFileReference; fileEncoding = 4; lastKnownFileType = sourcecode.swift; path = SelectionView.swift; sourceTree = "<group>"; };
		3CA56ED22774379F00003DF9 /* BasicView.swift */ = {isa = PBXFileReference; fileEncoding = 4; lastKnownFileType = sourcecode.swift; path = BasicView.swift; sourceTree = "<group>"; };
		3CA56ED32774379F00003DF9 /* BackgroundView.swift */ = {isa = PBXFileReference; fileEncoding = 4; lastKnownFileType = sourcecode.swift; path = BackgroundView.swift; sourceTree = "<group>"; };
		3CA56ED42774379F00003DF9 /* RelativePositioningView.swift */ = {isa = PBXFileReference; fileEncoding = 4; lastKnownFileType = sourcecode.swift; path = RelativePositioningView.swift; sourceTree = "<group>"; };
		3CA56ED52774379F00003DF9 /* PopoverReaderView.swift */ = {isa = PBXFileReference; fileEncoding = 4; lastKnownFileType = sourcecode.swift; path = PopoverReaderView.swift; sourceTree = "<group>"; };
		3CA56ED62774379F00003DF9 /* DismissalView2.swift */ = {isa = PBXFileReference; fileEncoding = 4; lastKnownFileType = sourcecode.swift; path = DismissalView2.swift; sourceTree = "<group>"; };
		3CA56ED72774379F00003DF9 /* AbsolutePositioningView.swift */ = {isa = PBXFileReference; fileEncoding = 4; lastKnownFileType = sourcecode.swift; path = AbsolutePositioningView.swift; sourceTree = "<group>"; };
		3CA56ED82774379F00003DF9 /* LifecycleView.swift */ = {isa = PBXFileReference; fileEncoding = 4; lastKnownFileType = sourcecode.swift; path = LifecycleView.swift; sourceTree = "<group>"; };
		3CA56ED92774379F00003DF9 /* DismissalView1.swift */ = {isa = PBXFileReference; fileEncoding = 4; lastKnownFileType = sourcecode.swift; path = DismissalView1.swift; sourceTree = "<group>"; };
		3CA56EDA2774379F00003DF9 /* FrameTaggedView.swift */ = {isa = PBXFileReference; fileEncoding = 4; lastKnownFileType = sourcecode.swift; path = FrameTaggedView.swift; sourceTree = "<group>"; };
		3CA56EDE2774379F00003DF9 /* ShowroomSection.swift */ = {isa = PBXFileReference; fileEncoding = 4; lastKnownFileType = sourcecode.swift; path = ShowroomSection.swift; sourceTree = "<group>"; };
		3CA56EE02774379F00003DF9 /* TipView.swift */ = {isa = PBXFileReference; fileEncoding = 4; lastKnownFileType = sourcecode.swift; path = TipView.swift; sourceTree = "<group>"; };
		3CA56EE12774379F00003DF9 /* VideoView.swift */ = {isa = PBXFileReference; fileEncoding = 4; lastKnownFileType = sourcecode.swift; path = VideoView.swift; sourceTree = "<group>"; };
		3CA56EE22774379F00003DF9 /* ColorView.swift */ = {isa = PBXFileReference; fileEncoding = 4; lastKnownFileType = sourcecode.swift; path = ColorView.swift; sourceTree = "<group>"; };
		3CA56EE32774379F00003DF9 /* NotificationView.swift */ = {isa = PBXFileReference; fileEncoding = 4; lastKnownFileType = sourcecode.swift; path = NotificationView.swift; sourceTree = "<group>"; };
		3CA56EE42774379F00003DF9 /* AlertView.swift */ = {isa = PBXFileReference; fileEncoding = 4; lastKnownFileType = sourcecode.swift; path = AlertView.swift; sourceTree = "<group>"; };
		3CA56EE52774379F00003DF9 /* StandardView.swift */ = {isa = PBXFileReference; fileEncoding = 4; lastKnownFileType = sourcecode.swift; path = StandardView.swift; sourceTree = "<group>"; };
		3CA56EE62774379F00003DF9 /* TutorialView.swift */ = {isa = PBXFileReference; fileEncoding = 4; lastKnownFileType = sourcecode.swift; path = TutorialView.swift; sourceTree = "<group>"; };
		3CA56EE72774379F00003DF9 /* MenuView.swift */ = {isa = PBXFileReference; fileEncoding = 4; lastKnownFileType = sourcecode.swift; path = MenuView.swift; sourceTree = "<group>"; };
		3CA56EE82774379F00003DF9 /* PlaygroundSection.swift */ = {isa = PBXFileReference; fileEncoding = 4; lastKnownFileType = sourcecode.swift; path = PlaygroundSection.swift; sourceTree = "<group>"; };
		3CA56F02277437DA00003DF9 /* ContentView.swift */ = {isa = PBXFileReference; fileEncoding = 4; lastKnownFileType = sourcecode.swift; path = ContentView.swift; sourceTree = "<group>"; };
		3CBDE72F27743BD60012C9B5 /* UIKitSection.swift */ = {isa = PBXFileReference; lastKnownFileType = sourcecode.swift; path = UIKitSection.swift; sourceTree = "<group>"; };
		3CBDE73227743DA20012C9B5 /* PresentView.swift */ = {isa = PBXFileReference; lastKnownFileType = sourcecode.swift; path = PresentView.swift; sourceTree = "<group>"; };
		3CBDE73427743E640012C9B5 /* ReplaceView.swift */ = {isa = PBXFileReference; lastKnownFileType = sourcecode.swift; path = ReplaceView.swift; sourceTree = "<group>"; };
		3CBDE73627743E6F0012C9B5 /* DismissView.swift */ = {isa = PBXFileReference; lastKnownFileType = sourcecode.swift; path = DismissView.swift; sourceTree = "<group>"; };
/* End PBXFileReference section */

/* Begin PBXFrameworksBuildPhase section */
		3CA56EB92774376F00003DF9 /* Frameworks */ = {
			isa = PBXFrameworksBuildPhase;
			buildActionMask = 2147483647;
			files = (
				3CBDE72E277438F80012C9B5 /* Popovers in Frameworks */,
			);
			runOnlyForDeploymentPostprocessing = 0;
		};
/* End PBXFrameworksBuildPhase section */

/* Begin PBXGroup section */
		3CA56EB32774376F00003DF9 = {
			isa = PBXGroup;
			children = (
				3CA56EBE2774376F00003DF9 /* PopoversApp */,
				3CA56EBD2774376F00003DF9 /* Products */,
			);
			sourceTree = "<group>";
		};
		3CA56EBD2774376F00003DF9 /* Products */ = {
			isa = PBXGroup;
			children = (
				3CA56EBC2774376F00003DF9 /* PopoversApp.app */,
			);
			name = Products;
			sourceTree = "<group>";
		};
		3CA56EBE2774376F00003DF9 /* PopoversApp */ = {
			isa = PBXGroup;
			children = (
				3CA56ECE2774379F00003DF9 /* Playground */,
				3CA56EDF2774379F00003DF9 /* Showroom */,
				3CBDE73127743CD50012C9B5 /* UIKit */,
				3CA56EBF2774376F00003DF9 /* PopoversApp.swift */,
				3CA56F02277437DA00003DF9 /* ContentView.swift */,
				3CA56EE82774379F00003DF9 /* PlaygroundSection.swift */,
				3CA56EDE2774379F00003DF9 /* ShowroomSection.swift */,
				3CBDE72F27743BD60012C9B5 /* UIKitSection.swift */,
				3CA56ECD2774379F00003DF9 /* Utilities.swift */,
				3CA56EC32774377100003DF9 /* Assets.xcassets */,
			);
			path = PopoversApp;
			sourceTree = "<group>";
		};
		3CA56ECE2774379F00003DF9 /* Playground */ = {
			isa = PBXGroup;
			children = (
				3CA56ECF2774379F00003DF9 /* CustomizedView.swift */,
				3CA56ED02774379F00003DF9 /* NestedView.swift */,
				3CA56ED12774379F00003DF9 /* SelectionView.swift */,
				3CA56ED22774379F00003DF9 /* BasicView.swift */,
				3CA56ED32774379F00003DF9 /* BackgroundView.swift */,
				3CA56ED42774379F00003DF9 /* RelativePositioningView.swift */,
				3CA56ED52774379F00003DF9 /* PopoverReaderView.swift */,
				3CA56ED62774379F00003DF9 /* DismissalView2.swift */,
				3CA56ED72774379F00003DF9 /* AbsolutePositioningView.swift */,
				3CA56ED82774379F00003DF9 /* LifecycleView.swift */,
				3CA56ED92774379F00003DF9 /* DismissalView1.swift */,
				3CA56EDA2774379F00003DF9 /* FrameTaggedView.swift */,
			);
			path = Playground;
			sourceTree = "<group>";
		};
		3CA56EDF2774379F00003DF9 /* Showroom */ = {
			isa = PBXGroup;
			children = (
				3CA56EE02774379F00003DF9 /* TipView.swift */,
				3CA56EE12774379F00003DF9 /* VideoView.swift */,
				3CA56EE22774379F00003DF9 /* ColorView.swift */,
				3CA56EE32774379F00003DF9 /* NotificationView.swift */,
				3CA56EE42774379F00003DF9 /* AlertView.swift */,
				3CA56EE52774379F00003DF9 /* StandardView.swift */,
				3CA56EE62774379F00003DF9 /* TutorialView.swift */,
				3CA56EE72774379F00003DF9 /* MenuView.swift */,
			);
			path = Showroom;
			sourceTree = "<group>";
		};
		3CBDE73127743CD50012C9B5 /* UIKit */ = {
			isa = PBXGroup;
			children = (
				3CBDE73227743DA20012C9B5 /* PresentView.swift */,
				3CBDE73427743E640012C9B5 /* ReplaceView.swift */,
				3CBDE73627743E6F0012C9B5 /* DismissView.swift */,
			);
			path = UIKit;
			sourceTree = "<group>";
		};
/* End PBXGroup section */

/* Begin PBXNativeTarget section */
		3CA56EBB2774376F00003DF9 /* PopoversApp */ = {
			isa = PBXNativeTarget;
			buildConfigurationList = 3CA56ECA2774377100003DF9 /* Build configuration list for PBXNativeTarget "PopoversApp" */;
			buildPhases = (
				3CA56EB82774376F00003DF9 /* Sources */,
				3CA56EB92774376F00003DF9 /* Frameworks */,
				3CA56EBA2774376F00003DF9 /* Resources */,
			);
			buildRules = (
			);
			dependencies = (
			);
			name = PopoversApp;
			packageProductDependencies = (
				3CBDE72D277438F80012C9B5 /* Popovers */,
			);
			productName = PopoversApp;
			productReference = 3CA56EBC2774376F00003DF9 /* PopoversApp.app */;
			productType = "com.apple.product-type.application";
		};
/* End PBXNativeTarget section */

/* Begin PBXProject section */
		3CA56EB42774376F00003DF9 /* Project object */ = {
			isa = PBXProject;
			attributes = {
				BuildIndependentTargetsInParallel = 1;
				LastSwiftUpdateCheck = 1320;
				LastUpgradeCheck = 1320;
				TargetAttributes = {
					3CA56EBB2774376F00003DF9 = {
						CreatedOnToolsVersion = 13.2.1;
					};
				};
			};
			buildConfigurationList = 3CA56EB72774376F00003DF9 /* Build configuration list for PBXProject "PopoversApp" */;
			compatibilityVersion = "Xcode 13.0";
			developmentRegion = en;
			hasScannedForEncodings = 0;
			knownRegions = (
				en,
				Base,
			);
			mainGroup = 3CA56EB32774376F00003DF9;
			packageReferences = (
				3CBDE72C277438F80012C9B5 /* XCRemoteSwiftPackageReference "Popovers" */,
			);
			productRefGroup = 3CA56EBD2774376F00003DF9 /* Products */;
			projectDirPath = "";
			projectRoot = "";
			targets = (
				3CA56EBB2774376F00003DF9 /* PopoversApp */,
			);
		};
/* End PBXProject section */

/* Begin PBXResourcesBuildPhase section */
		3CA56EBA2774376F00003DF9 /* Resources */ = {
			isa = PBXResourcesBuildPhase;
			buildActionMask = 2147483647;
			files = (
				3CA56EC42774377100003DF9 /* Assets.xcassets in Resources */,
			);
			runOnlyForDeploymentPostprocessing = 0;
		};
/* End PBXResourcesBuildPhase section */

/* Begin PBXSourcesBuildPhase section */
		3CA56EB82774376F00003DF9 /* Sources */ = {
			isa = PBXSourcesBuildPhase;
			buildActionMask = 2147483647;
			files = (
				3CA56EFE2774379F00003DF9 /* StandardView.swift in Sources */,
				3CBDE73327743DA20012C9B5 /* PresentView.swift in Sources */,
				3CA56EF12774379F00003DF9 /* DismissalView2.swift in Sources */,
				3CA56EFC2774379F00003DF9 /* NotificationView.swift in Sources */,
				3CA56EFD2774379F00003DF9 /* AlertView.swift in Sources */,
				3CA56EED2774379F00003DF9 /* BasicView.swift in Sources */,
				3CA56F012774379F00003DF9 /* PlaygroundSection.swift in Sources */,
				3CA56EF02774379F00003DF9 /* PopoverReaderView.swift in Sources */,
				3CA56EFB2774379F00003DF9 /* ColorView.swift in Sources */,
				3CA56EE92774379F00003DF9 /* Utilities.swift in Sources */,
				3CA56F03277437DA00003DF9 /* ContentView.swift in Sources */,
				3CBDE73527743E640012C9B5 /* ReplaceView.swift in Sources */,
				3CA56EEE2774379F00003DF9 /* BackgroundView.swift in Sources */,
				3CBDE73727743E6F0012C9B5 /* DismissView.swift in Sources */,
				3CA56F002774379F00003DF9 /* MenuView.swift in Sources */,
				3CA56EEB2774379F00003DF9 /* NestedView.swift in Sources */,
				3CA56EF42774379F00003DF9 /* DismissalView1.swift in Sources */,
				3CA56EF92774379F00003DF9 /* TipView.swift in Sources */,
				3CA56EEA2774379F00003DF9 /* CustomizedView.swift in Sources */,
				3CA56EFA2774379F00003DF9 /* VideoView.swift in Sources */,
				3CA56EF52774379F00003DF9 /* FrameTaggedView.swift in Sources */,
				3CA56EEF2774379F00003DF9 /* RelativePositioningView.swift in Sources */,
				3CA56EF32774379F00003DF9 /* LifecycleView.swift in Sources */,
				3CA56EF22774379F00003DF9 /* AbsolutePositioningView.swift in Sources */,
				3CA56EFF2774379F00003DF9 /* TutorialView.swift in Sources */,
				3CBDE73027743BD60012C9B5 /* UIKitSection.swift in Sources */,
				3CA56EC02774376F00003DF9 /* PopoversApp.swift in Sources */,
				3CA56EEC2774379F00003DF9 /* SelectionView.swift in Sources */,
				3CA56EF82774379F00003DF9 /* ShowroomSection.swift in Sources */,
			);
			runOnlyForDeploymentPostprocessing = 0;
		};
/* End PBXSourcesBuildPhase section */

/* Begin XCBuildConfiguration section */
		3CA56EC82774377100003DF9 /* Debug */ = {
			isa = XCBuildConfiguration;
			buildSettings = {
				ALWAYS_SEARCH_USER_PATHS = NO;
				CLANG_ANALYZER_NONNULL = YES;
				CLANG_ANALYZER_NUMBER_OBJECT_CONVERSION = YES_AGGRESSIVE;
				CLANG_CXX_LANGUAGE_STANDARD = "gnu++17";
				CLANG_CXX_LIBRARY = "libc++";
				CLANG_ENABLE_MODULES = YES;
				CLANG_ENABLE_OBJC_ARC = YES;
				CLANG_ENABLE_OBJC_WEAK = YES;
				CLANG_WARN_BLOCK_CAPTURE_AUTORELEASING = YES;
				CLANG_WARN_BOOL_CONVERSION = YES;
				CLANG_WARN_COMMA = YES;
				CLANG_WARN_CONSTANT_CONVERSION = YES;
				CLANG_WARN_DEPRECATED_OBJC_IMPLEMENTATIONS = YES;
				CLANG_WARN_DIRECT_OBJC_ISA_USAGE = YES_ERROR;
				CLANG_WARN_DOCUMENTATION_COMMENTS = YES;
				CLANG_WARN_EMPTY_BODY = YES;
				CLANG_WARN_ENUM_CONVERSION = YES;
				CLANG_WARN_INFINITE_RECURSION = YES;
				CLANG_WARN_INT_CONVERSION = YES;
				CLANG_WARN_NON_LITERAL_NULL_CONVERSION = YES;
				CLANG_WARN_OBJC_IMPLICIT_RETAIN_SELF = YES;
				CLANG_WARN_OBJC_LITERAL_CONVERSION = YES;
				CLANG_WARN_OBJC_ROOT_CLASS = YES_ERROR;
				CLANG_WARN_QUOTED_INCLUDE_IN_FRAMEWORK_HEADER = YES;
				CLANG_WARN_RANGE_LOOP_ANALYSIS = YES;
				CLANG_WARN_STRICT_PROTOTYPES = YES;
				CLANG_WARN_SUSPICIOUS_MOVE = YES;
				CLANG_WARN_UNGUARDED_AVAILABILITY = YES_AGGRESSIVE;
				CLANG_WARN_UNREACHABLE_CODE = YES;
				CLANG_WARN__DUPLICATE_METHOD_MATCH = YES;
				COPY_PHASE_STRIP = NO;
				DEBUG_INFORMATION_FORMAT = dwarf;
				ENABLE_STRICT_OBJC_MSGSEND = YES;
				ENABLE_TESTABILITY = YES;
				GCC_C_LANGUAGE_STANDARD = gnu11;
				GCC_DYNAMIC_NO_PIC = NO;
				GCC_NO_COMMON_BLOCKS = YES;
				GCC_OPTIMIZATION_LEVEL = 0;
				GCC_PREPROCESSOR_DEFINITIONS = (
					"DEBUG=1",
					"$(inherited)",
				);
				GCC_WARN_64_TO_32_BIT_CONVERSION = YES;
				GCC_WARN_ABOUT_RETURN_TYPE = YES_ERROR;
				GCC_WARN_UNDECLARED_SELECTOR = YES;
				GCC_WARN_UNINITIALIZED_AUTOS = YES_AGGRESSIVE;
				GCC_WARN_UNUSED_FUNCTION = YES;
				GCC_WARN_UNUSED_VARIABLE = YES;
				IPHONEOS_DEPLOYMENT_TARGET = 15.2;
				MTL_ENABLE_DEBUG_INFO = INCLUDE_SOURCE;
				MTL_FAST_MATH = YES;
				ONLY_ACTIVE_ARCH = YES;
				SDKROOT = iphoneos;
				SWIFT_ACTIVE_COMPILATION_CONDITIONS = DEBUG;
				SWIFT_OPTIMIZATION_LEVEL = "-Onone";
			};
			name = Debug;
		};
		3CA56EC92774377100003DF9 /* Release */ = {
			isa = XCBuildConfiguration;
			buildSettings = {
				ALWAYS_SEARCH_USER_PATHS = NO;
				CLANG_ANALYZER_NONNULL = YES;
				CLANG_ANALYZER_NUMBER_OBJECT_CONVERSION = YES_AGGRESSIVE;
				CLANG_CXX_LANGUAGE_STANDARD = "gnu++17";
				CLANG_CXX_LIBRARY = "libc++";
				CLANG_ENABLE_MODULES = YES;
				CLANG_ENABLE_OBJC_ARC = YES;
				CLANG_ENABLE_OBJC_WEAK = YES;
				CLANG_WARN_BLOCK_CAPTURE_AUTORELEASING = YES;
				CLANG_WARN_BOOL_CONVERSION = YES;
				CLANG_WARN_COMMA = YES;
				CLANG_WARN_CONSTANT_CONVERSION = YES;
				CLANG_WARN_DEPRECATED_OBJC_IMPLEMENTATIONS = YES;
				CLANG_WARN_DIRECT_OBJC_ISA_USAGE = YES_ERROR;
				CLANG_WARN_DOCUMENTATION_COMMENTS = YES;
				CLANG_WARN_EMPTY_BODY = YES;
				CLANG_WARN_ENUM_CONVERSION = YES;
				CLANG_WARN_INFINITE_RECURSION = YES;
				CLANG_WARN_INT_CONVERSION = YES;
				CLANG_WARN_NON_LITERAL_NULL_CONVERSION = YES;
				CLANG_WARN_OBJC_IMPLICIT_RETAIN_SELF = YES;
				CLANG_WARN_OBJC_LITERAL_CONVERSION = YES;
				CLANG_WARN_OBJC_ROOT_CLASS = YES_ERROR;
				CLANG_WARN_QUOTED_INCLUDE_IN_FRAMEWORK_HEADER = YES;
				CLANG_WARN_RANGE_LOOP_ANALYSIS = YES;
				CLANG_WARN_STRICT_PROTOTYPES = YES;
				CLANG_WARN_SUSPICIOUS_MOVE = YES;
				CLANG_WARN_UNGUARDED_AVAILABILITY = YES_AGGRESSIVE;
				CLANG_WARN_UNREACHABLE_CODE = YES;
				CLANG_WARN__DUPLICATE_METHOD_MATCH = YES;
				COPY_PHASE_STRIP = NO;
				DEBUG_INFORMATION_FORMAT = "dwarf-with-dsym";
				ENABLE_NS_ASSERTIONS = NO;
				ENABLE_STRICT_OBJC_MSGSEND = YES;
				GCC_C_LANGUAGE_STANDARD = gnu11;
				GCC_NO_COMMON_BLOCKS = YES;
				GCC_WARN_64_TO_32_BIT_CONVERSION = YES;
				GCC_WARN_ABOUT_RETURN_TYPE = YES_ERROR;
				GCC_WARN_UNDECLARED_SELECTOR = YES;
				GCC_WARN_UNINITIALIZED_AUTOS = YES_AGGRESSIVE;
				GCC_WARN_UNUSED_FUNCTION = YES;
				GCC_WARN_UNUSED_VARIABLE = YES;
				IPHONEOS_DEPLOYMENT_TARGET = 15.2;
				MTL_ENABLE_DEBUG_INFO = NO;
				MTL_FAST_MATH = YES;
				SDKROOT = iphoneos;
				SWIFT_COMPILATION_MODE = wholemodule;
				SWIFT_OPTIMIZATION_LEVEL = "-O";
				VALIDATE_PRODUCT = YES;
			};
			name = Release;
		};
		3CA56ECB2774377100003DF9 /* Debug */ = {
			isa = XCBuildConfiguration;
			buildSettings = {
				ASSETCATALOG_COMPILER_APPICON_NAME = AppIcon;
				ASSETCATALOG_COMPILER_GLOBAL_ACCENT_COLOR_NAME = AccentColor;
				CODE_SIGN_STYLE = Automatic;
				CURRENT_PROJECT_VERSION = 1;
				DEVELOPMENT_ASSET_PATHS = "\"PopoversApp/Preview Content\"";
				DEVELOPMENT_TEAM = YA533DMD5J;
				ENABLE_PREVIEWS = YES;
				GENERATE_INFOPLIST_FILE = YES;
				INFOPLIST_KEY_UIApplicationSceneManifest_Generation = YES;
				INFOPLIST_KEY_UIApplicationSupportsIndirectInputEvents = YES;
				INFOPLIST_KEY_UILaunchScreen_Generation = YES;
				INFOPLIST_KEY_UISupportedInterfaceOrientations_iPad = "UIInterfaceOrientationPortrait UIInterfaceOrientationPortraitUpsideDown UIInterfaceOrientationLandscapeLeft UIInterfaceOrientationLandscapeRight";
				INFOPLIST_KEY_UISupportedInterfaceOrientations_iPhone = "UIInterfaceOrientationPortrait UIInterfaceOrientationLandscapeLeft UIInterfaceOrientationLandscapeRight";
				LD_RUNPATH_SEARCH_PATHS = (
					"$(inherited)",
					"@executable_path/Frameworks",
				);
				MARKETING_VERSION = 1.0;
				PRODUCT_BUNDLE_IDENTIFIER = com.aheze.PopoversApp;
				PRODUCT_NAME = "$(TARGET_NAME)";
				SWIFT_EMIT_LOC_STRINGS = YES;
				SWIFT_VERSION = 5.0;
				TARGETED_DEVICE_FAMILY = "1,2";
			};
			name = Debug;
		};
		3CA56ECC2774377100003DF9 /* Release */ = {
			isa = XCBuildConfiguration;
			buildSettings = {
				ASSETCATALOG_COMPILER_APPICON_NAME = AppIcon;
				ASSETCATALOG_COMPILER_GLOBAL_ACCENT_COLOR_NAME = AccentColor;
				CODE_SIGN_STYLE = Automatic;
				CURRENT_PROJECT_VERSION = 1;
				DEVELOPMENT_ASSET_PATHS = "\"PopoversApp/Preview Content\"";
				DEVELOPMENT_TEAM = YA533DMD5J;
				ENABLE_PREVIEWS = YES;
				GENERATE_INFOPLIST_FILE = YES;
				INFOPLIST_KEY_UIApplicationSceneManifest_Generation = YES;
				INFOPLIST_KEY_UIApplicationSupportsIndirectInputEvents = YES;
				INFOPLIST_KEY_UILaunchScreen_Generation = YES;
				INFOPLIST_KEY_UISupportedInterfaceOrientations_iPad = "UIInterfaceOrientationPortrait UIInterfaceOrientationPortraitUpsideDown UIInterfaceOrientationLandscapeLeft UIInterfaceOrientationLandscapeRight";
				INFOPLIST_KEY_UISupportedInterfaceOrientations_iPhone = "UIInterfaceOrientationPortrait UIInterfaceOrientationLandscapeLeft UIInterfaceOrientationLandscapeRight";
				LD_RUNPATH_SEARCH_PATHS = (
					"$(inherited)",
					"@executable_path/Frameworks",
				);
				MARKETING_VERSION = 1.0;
				PRODUCT_BUNDLE_IDENTIFIER = com.aheze.PopoversApp;
				PRODUCT_NAME = "$(TARGET_NAME)";
				SWIFT_EMIT_LOC_STRINGS = YES;
				SWIFT_VERSION = 5.0;
				TARGETED_DEVICE_FAMILY = "1,2";
			};
			name = Release;
		};
/* End XCBuildConfiguration section */

/* Begin XCConfigurationList section */
		3CA56EB72774376F00003DF9 /* Build configuration list for PBXProject "PopoversApp" */ = {
			isa = XCConfigurationList;
			buildConfigurations = (
				3CA56EC82774377100003DF9 /* Debug */,
				3CA56EC92774377100003DF9 /* Release */,
			);
			defaultConfigurationIsVisible = 0;
			defaultConfigurationName = Release;
		};
		3CA56ECA2774377100003DF9 /* Build configuration list for PBXNativeTarget "PopoversApp" */ = {
			isa = XCConfigurationList;
			buildConfigurations = (
				3CA56ECB2774377100003DF9 /* Debug */,
				3CA56ECC2774377100003DF9 /* Release */,
			);
			defaultConfigurationIsVisible = 0;
			defaultConfigurationName = Release;
		};
/* End XCConfigurationList section */

/* Begin XCRemoteSwiftPackageReference section */
		3CBDE72C277438F80012C9B5 /* XCRemoteSwiftPackageReference "Popovers" */ = {
			isa = XCRemoteSwiftPackageReference;
			repositoryURL = "https://github.com/aheze/Popovers";
			requirement = {
				branch = main;
				kind = branch;
			};
		};
/* End XCRemoteSwiftPackageReference section */

/* Begin XCSwiftPackageProductDependency section */
		3CBDE72D277438F80012C9B5 /* Popovers */ = {
			isa = XCSwiftPackageProductDependency;
			package = 3CBDE72C277438F80012C9B5 /* XCRemoteSwiftPackageReference "Popovers" */;
			productName = Popovers;
		};
/* End XCSwiftPackageProductDependency section */
	};
	rootObject = 3CA56EB42774376F00003DF9 /* Project object */;
}
