{
  "object": {
    "pins": [
      {
        "package": "Popovers",
        "repositoryURL": "https://github.com/aheze/Popovers",
        "state": {
          "branch": null,
          "revision": "85ff94bd3c749a560369993995c5405b20db90fd",
          "version": "0.0.5"
        }
      }
    ]
  },
  "version": 1
}
