{
  "object": {
    "pins": [
      {
        "package": "Popovers",
        "repositoryURL": "https://github.com/aheze/Popovers",
        "state": {
          "branch": null,
          "revision": "9fa1ebcfb496ceb8bdc7a083174c9151b5d223f4",
          "version": "0.0.4"
        }
      }
    ]
  },
  "version": 1
}
